
Microsoft Visual Studio Solution File, Format Version 12.00
# Visual Studio 15
VisualStudioVersion = 15.0.28010.2003
MinimumVisualStudioVersion = 10.0.40219.1
Project("{FAE04EC0-301F-11D3-BF4B-00C04F79EFBC}") = "ConsoleAppTESTCI", "ConsoleAppTESTCI\ConsoleAppTESTCI.csproj", "{6572B755-B65E-424D-B4A0-A116B671087E}"
EndProject
Project("{FAE04EC0-301F-11D3-BF4B-00C04F79EFBC}") = "ConsoleAppTESTCITests", "ConsoleAppTESTCITests\ConsoleAppTESTCITests.csproj", "{3040B293-286E-4855-AB17-9FB43E7117D1}"
EndProject
Global
	GlobalSection(SolutionConfigurationPlatforms) = preSolution
		Debug|Any CPU = Debug|Any CPU
		Release|Any CPU = Release|Any CPU
	EndGlobalSection
	GlobalSection(ProjectConfigurationPlatforms) = postSolution
		{6572B755-B65E-424D-B4A0-A116B671087E}.Debug|Any CPU.ActiveCfg = Debug|Any CPU
		{6572B755-B65E-424D-B4A0-A116B671087E}.Debug|Any CPU.Build.0 = Debug|Any CPU
		{6572B755-B65E-424D-B4A0-A116B671087E}.Release|Any CPU.ActiveCfg = Release|Any CPU
		{6572B755-B65E-424D-B4A0-A116B671087E}.Release|Any CPU.Build.0 = Release|Any CPU
		{3040B293-286E-4855-AB17-9FB43E7117D1}.Debug|Any CPU.ActiveCfg = Debug|Any CPU
		{3040B293-286E-4855-AB17-9FB43E7117D1}.Debug|Any CPU.Build.0 = Debug|Any CPU
		{3040B293-286E-4855-AB17-9FB43E7117D1}.Release|Any CPU.ActiveCfg = Release|Any CPU
		{3040B293-286E-4855-AB17-9FB43E7117D1}.Release|Any CPU.Build.0 = Release|Any CPU
	EndGlobalSection
	GlobalSection(SolutionProperties) = preSolution
		HideSolutionNode = FALSE
	EndGlobalSection
	GlobalSection(ExtensibilityGlobals) = postSolution
		SolutionGuid = {4C3F9B0F-1820-4D4B-8D2F-576C244EC13C}
	EndGlobalSection
EndGlobal
