
Microsoft Visual Studio Solution File, Format Version 12.00
# Visual Studio 15
VisualStudioVersion = 15.0.28010.2003
MinimumVisualStudioVersion = 10.0.40219.1
Project("{FAE04EC0-301F-11D3-BF4B-00C04F79EFBC}") = "CITest", "CITest\CITest.csproj", "{6A3D6C0B-9C0F-4B0C-98B8-AA06E5D0B4B2}"
EndProject
Global
	GlobalSection(SolutionConfigurationPlatforms) = preSolution
		Debug|Any CPU = Debug|Any CPU
		Release|Any CPU = Release|Any CPU
	EndGlobalSection
	GlobalSection(ProjectConfigurationPlatforms) = postSolution
		{6A3D6C0B-9C0F-4B0C-98B8-AA06E5D0B4B2}.Debug|Any CPU.ActiveCfg = Debug|Any CPU
		{6A3D6C0B-9C0F-4B0C-98B8-AA06E5D0B4B2}.Debug|Any CPU.Build.0 = Debug|Any CPU
		{6A3D6C0B-9C0F-4B0C-98B8-AA06E5D0B4B2}.Release|Any CPU.ActiveCfg = Release|Any CPU
		{6A3D6C0B-9C0F-4B0C-98B8-AA06E5D0B4B2}.Release|Any CPU.Build.0 = Release|Any CPU
	EndGlobalSection
	GlobalSection(SolutionProperties) = preSolution
		HideSolutionNode = FALSE
	EndGlobalSection
	GlobalSection(ExtensibilityGlobals) = postSolution
		SolutionGuid = {A7732A4F-4739-47C1-97E2-17EB49A0351D}
	EndGlobalSection
EndGlobal
